
Microsoft Visual Studio Solution File, Format Version 12.00
# Visual Studio Version 17
VisualStudioVersion = 17.7.34024.191
MinimumVisualStudioVersion = 10.0.40219.1
Project("{FAE04EC0-301F-11D3-BF4B-00C04F79EFBC}") = "CashierScan", "CashierScan\CashierScan.csproj", "{AA667C66-256B-4243-8F5D-7B14D65DF251}"
EndProject
Global
	GlobalSection(SolutionConfigurationPlatforms) = preSolution
		Debug|Any CPU = Debug|Any CPU
		Release|Any CPU = Release|Any CPU
	EndGlobalSection
	GlobalSection(ProjectConfigurationPlatforms) = postSolution
		{AA667C66-256B-4243-8F5D-7B14D65DF251}.Debug|Any CPU.ActiveCfg = Debug|Any CPU
		{AA667C66-256B-4243-8F5D-7B14D65DF251}.Debug|Any CPU.Build.0 = Debug|Any CPU
		{AA667C66-256B-4243-8F5D-7B14D65DF251}.Release|Any CPU.ActiveCfg = Release|Any CPU
		{AA667C66-256B-4243-8F5D-7B14D65DF251}.Release|Any CPU.Build.0 = Release|Any CPU
	EndGlobalSection
	GlobalSection(SolutionProperties) = preSolution
		HideSolutionNode = FALSE
	EndGlobalSection
	GlobalSection(ExtensibilityGlobals) = postSolution
		SolutionGuid = {66DE1C41-1E9F-4720-8A19-F924CC743575}
	EndGlobalSection
EndGlobal
